<?xml version="1.0" encoding="utf-8"?>
<Project ToolsVersion="4.0" xmlns="http://schemas.microsoft.com/developer/msbuild/2003">
  <ItemGroup>
    <Filter Include="Source Files">
      <UniqueIdentifier>{4FC737F1-C7A5-4376-A066-2A32D752A2FF}</UniqueIdentifier>
      <Extensions>cpp;c;cc;cxx;def;odl;idl;hpj;bat;asm;asmx</Extensions>
    </Filter>
    <Filter Include="Header Files">
      <UniqueIdentifier>{93995380-89BD-4b04-88EB-625FBE52EBFB}</UniqueIdentifier>
      <Extensions>h;hh;hpp;hxx;hm;inl;inc;xsd</Extensions>
    </Filter>
    <Filter Include="Resource Files">
      <UniqueIdentifier>{67DA6AB6-F800-4c08-8B7A-83BB121AAD01}</UniqueIdentifier>
      <Extensions>rc;ico;cur;bmp;dlg;rc2;rct;bin;rgs;gif;jpg;jpeg;jpe;resx;tiff;tif;png;wav</Extensions>
    </Filter>
  </ItemGroup>
  <ItemGroup>
    <ClCompile Include="code\Arc.cpp">
      <Filter>Source Files</Filter>
    </ClCompile>
    <ClCompile Include="code\Cenario.cpp">
      <Filter>Source Files</Filter>
    </ClCompile>
    <ClCompile Include="code\FJS.cpp">
      <Filter>Source Files</Filter>
    </ClCompile>
    <ClCompile Include="code\GraphAlgorithms.cpp">
      <Filter>Source Files</Filter>
    </ClCompile>
    <ClCompile Include="code\Heuristics.cpp">
      <Filter>Source Files</Filter>
    </ClCompile>
    <ClCompile Include="code\main.cpp">
      <Filter>Source Files</Filter>
    </ClCompile>
    <ClCompile Include="code\Modelos.cpp">
      <Filter>Source Files</Filter>
    </ClCompile>
    <ClCompile Include="code\SolutionGraph.cpp">
      <Filter>Source Files</Filter>
    </ClCompile>
    <ClCompile Include="code\SolutionNode.cpp">
      <Filter>Source Files</Filter>
    </ClCompile>
    <ClCompile Include="code\Tayebi.cpp">
      <Filter>Source Files</Filter>
    </ClCompile>
  </ItemGroup>
  <ItemGroup>
    <ClInclude Include="code\Arc.h">
      <Filter>Header Files</Filter>
    </ClInclude>
    <ClInclude Include="code\Cenario.h">
      <Filter>Header Files</Filter>
    </ClInclude>
    <ClInclude Include="code\FJS.h">
      <Filter>Header Files</Filter>
    </ClInclude>
    <ClInclude Include="code\GraphAlgorithms.h">
      <Filter>Header Files</Filter>
    </ClInclude>
    <ClInclude Include="code\Heuristics.h">
      <Filter>Header Files</Filter>
    </ClInclude>
    <ClInclude Include="code\Modelos.h">
      <Filter>Header Files</Filter>
    </ClInclude>
    <ClInclude Include="code\Operation.h">
      <Filter>Header Files</Filter>
    </ClInclude>
    <ClInclude Include="code\SolutionGraph.h">
      <Filter>Header Files</Filter>
    </ClInclude>
    <ClInclude Include="code\SolutionNode.h">
      <Filter>Header Files</Filter>
    </ClInclude>
    <ClInclude Include="code\Tayebi.h">
      <Filter>Header Files</Filter>
    </ClInclude>
  </ItemGroup>
</Project>